github.com/ByteArena/box2d v1.0.2 h1:f7f9KEQWhCs1n516DMLzi5w6u0MeeE78Mes4fWMcj9k=
github.com/ByteArena/box2d v1.0.2/go.mod h1:LzEuxY9iCz+tskfWCY3o0ywYBRafDDugdSj+/YGI6sE=
github.com/pmezard/go-difflib v1.0.0 h1:4DBwDE0NGyQoBHbLQYPwSUPoCMWR5BEzIk/f1lZbAQM=
github.com/pmezard/go-difflib v1.0.0/go.mod h1:iKH77koFhYxTK1pcRnkKkqfTogsbg7gZNVY4sRDYZ/4=
