github.com/ByteArena/box2d v1.0.2 h1:f7f9KEQWhCs1n516DMLzi5w6u0MeeE78Mes4fWMcj9k=
github.com/ByteArena/box2d v1.0.2/go.mod h1:LzEuxY9iCz+tskfWCY3o0ywYBRafDDugdSj+/YGI6sE=
github.com/pmezard/go-difflib v1.0.0 h1:4DBwDE0NGyQoBHbLQYPwSUPoCMWR5BEzIk/f1lZbAQM=
github.com/pmezard/go-difflib v1.0.0/go.mod h1:iKH77koFhYxTK1pcRnkKkqfTogsbg7gZNVY4sRDYZ/4=
github.com/simpletonDL/GoGames/common v0.1.3 h1:mNOIIPIx9ev78hTGkD/2QTB3jFuezZDWg+0sf5AP0E4=
github.com/simpletonDL/GoGames/common v0.1.3/go.mod h1:zMDwvc6laBxmGjqTiBFBwSyewE2K1BSOKREz2CFKirg=
github.com/simpletonDL/box2d v1.0.3 h1:m+sqDV5wrfpxvM1esxpF84+E3OHkmxWR0QO3KQKv0Wc=
github.com/simpletonDL/box2d v1.0.3/go.mod h1:kS6u1XM5knpaNXNIWrOBJb2KYU7jk0ZiNuaGylROM/g=
